
Microsoft Visual Studio Solution File, Format Version 11.00
# Visual Studio 2010
Project("{FAE04EC0-301F-11D3-BF4B-00C04F79EFBC}") = "SimpleXNAApplication", "SimpleXNAApplication\SimpleXNAApplication\SimpleXNAApplication.csproj", "{9A92ED56-1548-409C-B2EA-14CCEF8FE515}"
EndProject
Project("{96E2B04D-8817-42C6-938A-82C39BA4D311}") = "SimpleXNAApplicationContent", "SimpleXNAApplication\SimpleXNAApplicationContent\SimpleXNAApplicationContent.contentproj", "{9B780D89-9ADD-4255-9034-D67698524FB6}"
EndProject
Global
	GlobalSection(SolutionConfigurationPlatforms) = preSolution
		Debug|Windows Phone = Debug|Windows Phone
		Release|Windows Phone = Release|Windows Phone
	EndGlobalSection
	GlobalSection(ProjectConfigurationPlatforms) = postSolution
		{9A92ED56-1548-409C-B2EA-14CCEF8FE515}.Debug|Windows Phone.ActiveCfg = Debug|Windows Phone
		{9A92ED56-1548-409C-B2EA-14CCEF8FE515}.Debug|Windows Phone.Build.0 = Debug|Windows Phone
		{9A92ED56-1548-409C-B2EA-14CCEF8FE515}.Debug|Windows Phone.Deploy.0 = Debug|Windows Phone
		{9A92ED56-1548-409C-B2EA-14CCEF8FE515}.Release|Windows Phone.ActiveCfg = Release|Windows Phone
		{9A92ED56-1548-409C-B2EA-14CCEF8FE515}.Release|Windows Phone.Build.0 = Release|Windows Phone
		{9A92ED56-1548-409C-B2EA-14CCEF8FE515}.Release|Windows Phone.Deploy.0 = Release|Windows Phone
		{9B780D89-9ADD-4255-9034-D67698524FB6}.Debug|Windows Phone.ActiveCfg = Debug|Windows Phone
		{9B780D89-9ADD-4255-9034-D67698524FB6}.Release|Windows Phone.ActiveCfg = Release|Windows Phone
	EndGlobalSection
	GlobalSection(SolutionProperties) = preSolution
		HideSolutionNode = FALSE
	EndGlobalSection
EndGlobal
