
Microsoft Visual Studio Solution File, Format Version 11.00
# Visual Studio 2010
Project("{FAE04EC0-301F-11D3-BF4B-00C04F79EFBC}") = "Wp7LocationServicesWithMicrosoftResearch", "Wp7LocationServicesWithMicrosoftResearch\Wp7LocationServicesWithMicrosoftResearch.csproj", "{BBDCDB09-EB05-4734-8556-E1778DABEF41}"
EndProject
Global
	GlobalSection(SolutionConfigurationPlatforms) = preSolution
		Debug|Any CPU = Debug|Any CPU
		Release|Any CPU = Release|Any CPU
	EndGlobalSection
	GlobalSection(ProjectConfigurationPlatforms) = postSolution
		{BBDCDB09-EB05-4734-8556-E1778DABEF41}.Debug|Any CPU.ActiveCfg = Debug|Any CPU
		{BBDCDB09-EB05-4734-8556-E1778DABEF41}.Debug|Any CPU.Build.0 = Debug|Any CPU
		{BBDCDB09-EB05-4734-8556-E1778DABEF41}.Debug|Any CPU.Deploy.0 = Debug|Any CPU
		{BBDCDB09-EB05-4734-8556-E1778DABEF41}.Release|Any CPU.ActiveCfg = Release|Any CPU
		{BBDCDB09-EB05-4734-8556-E1778DABEF41}.Release|Any CPU.Build.0 = Release|Any CPU
		{BBDCDB09-EB05-4734-8556-E1778DABEF41}.Release|Any CPU.Deploy.0 = Release|Any CPU
	EndGlobalSection
	GlobalSection(SolutionProperties) = preSolution
		HideSolutionNode = FALSE
	EndGlobalSection
EndGlobal
