
Microsoft Visual Studio Solution File, Format Version 11.00
# Visual Studio 2010
Project("{FAE04EC0-301F-11D3-BF4B-00C04F79EFBC}") = "Wp7AccelerometerRecipe", "Wp7AccelerometerRecipe\Wp7AccelerometerRecipe.csproj", "{7A8AC970-6D05-43E4-8BA6-302DBD4244FA}"
EndProject
Global
	GlobalSection(SolutionConfigurationPlatforms) = preSolution
		Debug|Any CPU = Debug|Any CPU
		Release|Any CPU = Release|Any CPU
	EndGlobalSection
	GlobalSection(ProjectConfigurationPlatforms) = postSolution
		{7A8AC970-6D05-43E4-8BA6-302DBD4244FA}.Debug|Any CPU.ActiveCfg = Debug|Any CPU
		{7A8AC970-6D05-43E4-8BA6-302DBD4244FA}.Debug|Any CPU.Build.0 = Debug|Any CPU
		{7A8AC970-6D05-43E4-8BA6-302DBD4244FA}.Debug|Any CPU.Deploy.0 = Debug|Any CPU
		{7A8AC970-6D05-43E4-8BA6-302DBD4244FA}.Release|Any CPU.ActiveCfg = Release|Any CPU
		{7A8AC970-6D05-43E4-8BA6-302DBD4244FA}.Release|Any CPU.Build.0 = Release|Any CPU
		{7A8AC970-6D05-43E4-8BA6-302DBD4244FA}.Release|Any CPU.Deploy.0 = Release|Any CPU
	EndGlobalSection
	GlobalSection(SolutionProperties) = preSolution
		HideSolutionNode = FALSE
	EndGlobalSection
EndGlobal
