
Microsoft Visual Studio Solution File, Format Version 11.00
# Visual Studio 2010
Project("{FAE04EC0-301F-11D3-BF4B-00C04F79EFBC}") = "08-07BackgroundTransfer", "08-07BackgroundTransfer\08-07BackgroundTransfer.csproj", "{32F6048F-6EAA-4B85-8941-A5D1FB0C356A}"
EndProject
Global
	GlobalSection(SolutionConfigurationPlatforms) = preSolution
		Debug|Any CPU = Debug|Any CPU
		Release|Any CPU = Release|Any CPU
	EndGlobalSection
	GlobalSection(ProjectConfigurationPlatforms) = postSolution
		{32F6048F-6EAA-4B85-8941-A5D1FB0C356A}.Debug|Any CPU.ActiveCfg = Debug|Any CPU
		{32F6048F-6EAA-4B85-8941-A5D1FB0C356A}.Debug|Any CPU.Build.0 = Debug|Any CPU
		{32F6048F-6EAA-4B85-8941-A5D1FB0C356A}.Debug|Any CPU.Deploy.0 = Debug|Any CPU
		{32F6048F-6EAA-4B85-8941-A5D1FB0C356A}.Release|Any CPU.ActiveCfg = Release|Any CPU
		{32F6048F-6EAA-4B85-8941-A5D1FB0C356A}.Release|Any CPU.Build.0 = Release|Any CPU
		{32F6048F-6EAA-4B85-8941-A5D1FB0C356A}.Release|Any CPU.Deploy.0 = Release|Any CPU
	EndGlobalSection
	GlobalSection(SolutionProperties) = preSolution
		HideSolutionNode = FALSE
	EndGlobalSection
EndGlobal
